
Microsoft Visual Studio Solution File, Format Version 12.00
# Visual Studio Version 17
VisualStudioVersion = 17.0.31903.59
MinimumVisualStudioVersion = 10.0.40219.1
Project("{FAE04EC0-301F-11D3-BF4B-00C04F79EFBC}") = "ConsoleApp1", "ConsoleApp1\ConsoleApp1.csproj", "{A8077FBA-92CD-4C20-89D8-B2CE121DC3E8}"
EndProject
Project("{FAE04EC0-301F-11D3-BF4B-00C04F79EFBC}") = "ConsoleApp2", "ConsoleApp2\ConsoleApp2.csproj", "{EF141225-6A9A-46BD-9F4F-D8D8661DE9C0}"
EndProject
Project("{FAE04EC0-301F-11D3-BF4B-00C04F79EFBC}") = "ConsoleApp3", "ConsoleApp3\ConsoleApp3.csproj", "{8BCB9E0E-2A4E-4FD1-80F9-3BBDB4FD5A39}"
EndProject
Project("{FAE04EC0-301F-11D3-BF4B-00C04F79EFBC}") = "ConsoleApp4", "ConsoleApp4\ConsoleApp4.csproj", "{685B9BC3-3331-4EB6-B681-2C142E078FD8}"
EndProject
Project("{FAE04EC0-301F-11D3-BF4B-00C04F79EFBC}") = "ConsoleApp5", "ConsoleApp5\ConsoleApp5.csproj", "{8C0B5437-901E-4FB5-8B6E-F420283C3D9A}"
EndProject
Project("{FAE04EC0-301F-11D3-BF4B-00C04F79EFBC}") = "ConsoleApp6", "ConsoleApp6\ConsoleApp6.csproj", "{E3C1BF50-7022-4998-BCBA-F855EDDD5613}"
EndProject
Project("{FAE04EC0-301F-11D3-BF4B-00C04F79EFBC}") = "ConsoleApp7", "ConsoleApp7\ConsoleApp7.csproj", "{83684CA9-3B70-4189-B98B-E4980ADAED79}"
EndProject
Global
	GlobalSection(SolutionConfigurationPlatforms) = preSolution
		Debug|Any CPU = Debug|Any CPU
		Release|Any CPU = Release|Any CPU
	EndGlobalSection
	GlobalSection(SolutionProperties) = preSolution
		HideSolutionNode = FALSE
	EndGlobalSection
	GlobalSection(ProjectConfigurationPlatforms) = postSolution
		{A8077FBA-92CD-4C20-89D8-B2CE121DC3E8}.Debug|Any CPU.ActiveCfg = Debug|Any CPU
		{A8077FBA-92CD-4C20-89D8-B2CE121DC3E8}.Debug|Any CPU.Build.0 = Debug|Any CPU
		{A8077FBA-92CD-4C20-89D8-B2CE121DC3E8}.Release|Any CPU.ActiveCfg = Release|Any CPU
		{A8077FBA-92CD-4C20-89D8-B2CE121DC3E8}.Release|Any CPU.Build.0 = Release|Any CPU
		{EF141225-6A9A-46BD-9F4F-D8D8661DE9C0}.Debug|Any CPU.ActiveCfg = Debug|Any CPU
		{EF141225-6A9A-46BD-9F4F-D8D8661DE9C0}.Debug|Any CPU.Build.0 = Debug|Any CPU
		{EF141225-6A9A-46BD-9F4F-D8D8661DE9C0}.Release|Any CPU.ActiveCfg = Release|Any CPU
		{EF141225-6A9A-46BD-9F4F-D8D8661DE9C0}.Release|Any CPU.Build.0 = Release|Any CPU
		{8BCB9E0E-2A4E-4FD1-80F9-3BBDB4FD5A39}.Debug|Any CPU.ActiveCfg = Debug|Any CPU
		{8BCB9E0E-2A4E-4FD1-80F9-3BBDB4FD5A39}.Debug|Any CPU.Build.0 = Debug|Any CPU
		{8BCB9E0E-2A4E-4FD1-80F9-3BBDB4FD5A39}.Release|Any CPU.ActiveCfg = Release|Any CPU
		{8BCB9E0E-2A4E-4FD1-80F9-3BBDB4FD5A39}.Release|Any CPU.Build.0 = Release|Any CPU
		{685B9BC3-3331-4EB6-B681-2C142E078FD8}.Debug|Any CPU.ActiveCfg = Debug|Any CPU
		{685B9BC3-3331-4EB6-B681-2C142E078FD8}.Debug|Any CPU.Build.0 = Debug|Any CPU
		{685B9BC3-3331-4EB6-B681-2C142E078FD8}.Release|Any CPU.ActiveCfg = Release|Any CPU
		{685B9BC3-3331-4EB6-B681-2C142E078FD8}.Release|Any CPU.Build.0 = Release|Any CPU
		{8C0B5437-901E-4FB5-8B6E-F420283C3D9A}.Debug|Any CPU.ActiveCfg = Debug|Any CPU
		{8C0B5437-901E-4FB5-8B6E-F420283C3D9A}.Debug|Any CPU.Build.0 = Debug|Any CPU
		{8C0B5437-901E-4FB5-8B6E-F420283C3D9A}.Release|Any CPU.ActiveCfg = Release|Any CPU
		{8C0B5437-901E-4FB5-8B6E-F420283C3D9A}.Release|Any CPU.Build.0 = Release|Any CPU
		{E3C1BF50-7022-4998-BCBA-F855EDDD5613}.Debug|Any CPU.ActiveCfg = Debug|Any CPU
		{E3C1BF50-7022-4998-BCBA-F855EDDD5613}.Debug|Any CPU.Build.0 = Debug|Any CPU
		{E3C1BF50-7022-4998-BCBA-F855EDDD5613}.Release|Any CPU.ActiveCfg = Release|Any CPU
		{E3C1BF50-7022-4998-BCBA-F855EDDD5613}.Release|Any CPU.Build.0 = Release|Any CPU
		{83684CA9-3B70-4189-B98B-E4980ADAED79}.Debug|Any CPU.ActiveCfg = Debug|Any CPU
		{83684CA9-3B70-4189-B98B-E4980ADAED79}.Debug|Any CPU.Build.0 = Debug|Any CPU
		{83684CA9-3B70-4189-B98B-E4980ADAED79}.Release|Any CPU.ActiveCfg = Release|Any CPU
		{83684CA9-3B70-4189-B98B-E4980ADAED79}.Release|Any CPU.Build.0 = Release|Any CPU
	EndGlobalSection
EndGlobal
